
Microsoft Visual Studio Solution File, Format Version 12.00
# Visual Studio Version 17
VisualStudioVersion = 17.6.33723.286
MinimumVisualStudioVersion = 10.0.40219.1
Project("{FAE04EC0-301F-11D3-BF4B-00C04F79EFBC}") = "ExplodeSegmentWinUi1", "ExplodeSegmentWinUi1\ExplodeSegmentWinUi1.csproj", "{893A9BDF-5882-4DE3-8167-A51B0BBF203B}"
EndProject
Global
	GlobalSection(SolutionConfigurationPlatforms) = preSolution
		Debug|ARM64 = Debug|ARM64
		Debug|x64 = Debug|x64
		Debug|x86 = Debug|x86
		Release|ARM64 = Release|ARM64
		Release|x64 = Release|x64
		Release|x86 = Release|x86
	EndGlobalSection
	GlobalSection(ProjectConfigurationPlatforms) = postSolution
		{893A9BDF-5882-4DE3-8167-A51B0BBF203B}.Debug|ARM64.ActiveCfg = Debug|ARM64
		{893A9BDF-5882-4DE3-8167-A51B0BBF203B}.Debug|ARM64.Build.0 = Debug|ARM64
		{893A9BDF-5882-4DE3-8167-A51B0BBF203B}.Debug|ARM64.Deploy.0 = Debug|ARM64
		{893A9BDF-5882-4DE3-8167-A51B0BBF203B}.Debug|x64.ActiveCfg = Debug|x64
		{893A9BDF-5882-4DE3-8167-A51B0BBF203B}.Debug|x64.Build.0 = Debug|x64
		{893A9BDF-5882-4DE3-8167-A51B0BBF203B}.Debug|x64.Deploy.0 = Debug|x64
		{893A9BDF-5882-4DE3-8167-A51B0BBF203B}.Debug|x86.ActiveCfg = Debug|x86
		{893A9BDF-5882-4DE3-8167-A51B0BBF203B}.Debug|x86.Build.0 = Debug|x86
		{893A9BDF-5882-4DE3-8167-A51B0BBF203B}.Debug|x86.Deploy.0 = Debug|x86
		{893A9BDF-5882-4DE3-8167-A51B0BBF203B}.Release|ARM64.ActiveCfg = Release|ARM64
		{893A9BDF-5882-4DE3-8167-A51B0BBF203B}.Release|ARM64.Build.0 = Release|ARM64
		{893A9BDF-5882-4DE3-8167-A51B0BBF203B}.Release|ARM64.Deploy.0 = Release|ARM64
		{893A9BDF-5882-4DE3-8167-A51B0BBF203B}.Release|x64.ActiveCfg = Release|x64
		{893A9BDF-5882-4DE3-8167-A51B0BBF203B}.Release|x64.Build.0 = Release|x64
		{893A9BDF-5882-4DE3-8167-A51B0BBF203B}.Release|x64.Deploy.0 = Release|x64
		{893A9BDF-5882-4DE3-8167-A51B0BBF203B}.Release|x86.ActiveCfg = Release|x86
		{893A9BDF-5882-4DE3-8167-A51B0BBF203B}.Release|x86.Build.0 = Release|x86
		{893A9BDF-5882-4DE3-8167-A51B0BBF203B}.Release|x86.Deploy.0 = Release|x86
	EndGlobalSection
	GlobalSection(SolutionProperties) = preSolution
		HideSolutionNode = FALSE
	EndGlobalSection
	GlobalSection(ExtensibilityGlobals) = postSolution
		SolutionGuid = {3AE92BA4-8FA4-4F88-B3D6-2C4599893B63}
	EndGlobalSection
EndGlobal
